
Microsoft Visual Studio Solution File, Format Version 12.00
# Visual Studio 15
VisualStudioVersion = 15.0.27703.2042
MinimumVisualStudioVersion = 10.0.40219.1
Project("{FAE04EC0-301F-11D3-BF4B-00C04F79EFBC}") = "QuickKartTestApp", "QuickKartTestApp\QuickKartTestApp.csproj", "{A67DE363-F20E-4D69-97FC-F3EED29B21D6}"
EndProject
Project("{FAE04EC0-301F-11D3-BF4B-00C04F79EFBC}") = "QuickKartBL", "QuickKartBL\QuickKartBL.csproj", "{887CC787-C44A-4359-A88A-DE49AB36F7B3}"
EndProject
Global
	GlobalSection(SolutionConfigurationPlatforms) = preSolution
		Debug|Any CPU = Debug|Any CPU
		Release|Any CPU = Release|Any CPU
	EndGlobalSection
	GlobalSection(ProjectConfigurationPlatforms) = postSolution
		{A67DE363-F20E-4D69-97FC-F3EED29B21D6}.Debug|Any CPU.ActiveCfg = Debug|Any CPU
		{A67DE363-F20E-4D69-97FC-F3EED29B21D6}.Debug|Any CPU.Build.0 = Debug|Any CPU
		{A67DE363-F20E-4D69-97FC-F3EED29B21D6}.Release|Any CPU.ActiveCfg = Release|Any CPU
		{A67DE363-F20E-4D69-97FC-F3EED29B21D6}.Release|Any CPU.Build.0 = Release|Any CPU
		{887CC787-C44A-4359-A88A-DE49AB36F7B3}.Debug|Any CPU.ActiveCfg = Debug|Any CPU
		{887CC787-C44A-4359-A88A-DE49AB36F7B3}.Debug|Any CPU.Build.0 = Debug|Any CPU
		{887CC787-C44A-4359-A88A-DE49AB36F7B3}.Release|Any CPU.ActiveCfg = Release|Any CPU
		{887CC787-C44A-4359-A88A-DE49AB36F7B3}.Release|Any CPU.Build.0 = Release|Any CPU
	EndGlobalSection
	GlobalSection(SolutionProperties) = preSolution
		HideSolutionNode = FALSE
	EndGlobalSection
	GlobalSection(ExtensibilityGlobals) = postSolution
		SolutionGuid = {F3261B68-D5A1-441A-9BDA-A78F05BCCAFC}
	EndGlobalSection
EndGlobal
